PODS:
  - lottie-ios (4.6.1)
  - SnapKit (5.7.1)
  - TFYSwiftCategoryUtil (2.4.5):
    - TFYSwiftCategoryUtil/Base (= 2.4.5)
    - TFYSwiftCategoryUtil/CoreUiit (= 2.4.5)
    - TFYSwiftCategoryUtil/Foundation (= 2.4.5)
    - TFYSwiftCategoryUtil/Gesture (= 2.4.5)
    - TFYSwiftCategoryUtil/UIKit (= 2.4.5)
    - TFYSwiftCategoryUtil/Utils (= 2.4.5)
    - TFYSwiftCategoryUtil/WKWeb (= 2.4.5)
  - TFYSwiftCategoryUtil/Base (2.4.5)
  - TFYSwiftCategoryUtil/CoreUiit (2.4.5)
  - TFYSwiftCategoryUtil/Foundation (2.4.5):
    - TFYSwiftCategoryUtil/Base
    - TFYSwiftCategoryUtil/CoreUiit
    - TFYSwiftCategoryUtil/Gesture
    - TFYSwiftCategoryUtil/UIKit
    - TFYSwiftCategoryUtil/Utils
  - TFYSwiftCategoryUtil/Gesture (2.4.5):
    - TFYSwiftCategoryUtil/Base
    - TFYSwiftCategoryUtil/Utils
  - TFYSwiftCategoryUtil/UIKit (2.4.5):
    - TFYSwiftCategoryUtil/Base
    - TFYSwiftCategoryUtil/Utils
  - TFYSwiftCategoryUtil/Utils (2.4.5):
    - TFYSwiftCategoryUtil/Base
  - TFYSwiftCategoryUtil/WKWeb (2.4.5):
    - TFYSwiftCategoryUtil/Utils
  - TFYSwiftNavigationKit (2.2.0)

DEPENDENCIES:
  - lottie-ios
  - SnapKit
  - TFYSwiftCategoryUtil
  - TFYSwiftNavigationKit

SPEC REPOS:
  trunk:
    - lottie-ios
    - SnapKit
    - TFYSwiftCategoryUtil
    - TFYSwiftNavigationKit

SPEC CHECKSUMS:
  lottie-ios: 6467ca7035120c5b0e0acee58bb679cf15875686
  SnapKit: d612e99e678a2d3b95bf60b0705ed0a35c03484a
  TFYSwiftCategoryUtil: 601ccdfd07afaefccfc47cf4869467841fd5d2d4
  TFYSwiftNavigationKit: ffe295f0cef2a524a68ead1df9d6915d4c3b0a05

PODFILE CHECKSUM: 23dd336925f39d7dadc7b1af89b0e8b787cedf55

COCOAPODS: 1.17.0
