PODS:
  - lottie-ios (4.5.2)
  - SnapKit (5.7.1)
  - TFYSwiftCategoryUtil (2.3.1):
    - TFYSwiftCategoryUtil/Base (= 2.3.1)
    - TFYSwiftCategoryUtil/CoreUiit (= 2.3.1)
    - TFYSwiftCategoryUtil/Foundation (= 2.3.1)
    - TFYSwiftCategoryUtil/Gesture (= 2.3.1)
    - TFYSwiftCategoryUtil/UIKit (= 2.3.1)
    - TFYSwiftCategoryUtil/Utils (= 2.3.1)
    - TFYSwiftCategoryUtil/WKWeb (= 2.3.1)
  - TFYSwiftCategoryUtil/Base (2.3.1)
  - TFYSwiftCategoryUtil/CoreUiit (2.3.1)
  - TFYSwiftCategoryUtil/Foundation (2.3.1):
    - TFYSwiftCategoryUtil/Base
    - TFYSwiftCategoryUtil/CoreUiit
    - TFYSwiftCategoryUtil/Gesture
    - TFYSwiftCategoryUtil/UIKit
    - TFYSwiftCategoryUtil/Utils
  - TFYSwiftCategoryUtil/Gesture (2.3.1):
    - TFYSwiftCategoryUtil/Base
    - TFYSwiftCategoryUtil/Utils
  - TFYSwiftCategoryUtil/UIKit (2.3.1):
    - TFYSwiftCategoryUtil/Base
    - TFYSwiftCategoryUtil/Utils
  - TFYSwiftCategoryUtil/Utils (2.3.1):
    - TFYSwiftCategoryUtil/Base
  - TFYSwiftCategoryUtil/WKWeb (2.3.1):
    - TFYSwiftCategoryUtil/Utils
  - TFYSwiftNavigationKit (2.1.9)

DEPENDENCIES:
  - lottie-ios
  - SnapKit
  - TFYSwiftCategoryUtil
  - TFYSwiftNavigationKit

SPEC REPOS:
  trunk:
    - lottie-ios
    - SnapKit
    - TFYSwiftCategoryUtil
    - TFYSwiftNavigationKit

SPEC CHECKSUMS:
  lottie-ios: 96784afc26ea031d3e2b6cae342a4b8915072489
  SnapKit: d612e99e678a2d3b95bf60b0705ed0a35c03484a
  TFYSwiftCategoryUtil: 32d82c44c9cfff0d149d266584719ec9f113dbcc
  TFYSwiftNavigationKit: 5a86462f973a683ebe19c0a092246cc1ddc2f50f

PODFILE CHECKSUM: c1bafff69015c48e944b4d63178ee3105162cbbd

COCOAPODS: 1.16.2
